// !$*UTF8*$!
{
	archiveVersion = 1;
	classes = {
	};
	objectVersion = 50;
	objects = {

/* Begin PBXBuildFile section */
		FA54A1962446F326002EEB9C /* AppDelegate.swift in Sources */ = {isa = PBXBuildFile; fileRef = FA54A1952446F326002EEB9C /* AppDelegate.swift */; };
		FA54A1982446F326002EEB9C /* GameScene.sks in Resources */ = {isa = PBXBuildFile; fileRef = FA54A1972446F326002EEB9C /* GameScene.sks */; };
		FA54A19C2446F326002EEB9C /* GameScene.swift in Sources */ = {isa = PBXBuildFile; fileRef = FA54A19B2446F326002EEB9C /* GameScene.swift */; };
		FA54A19E2446F326002EEB9C /* GameSceneController.swift in Sources */ = {isa = PBXBuildFile; fileRef = FA54A19D2446F326002EEB9C /* GameSceneController.swift */; };
		FA54A1A32446F328002EEB9C /* Assets.xcassets in Resources */ = {isa = PBXBuildFile; fileRef = FA54A1A22446F328002EEB9C /* Assets.xcassets */; };
		FA54A1A62446F328002EEB9C /* LaunchScreen.storyboard in Resources */ = {isa = PBXBuildFile; fileRef = FA54A1A42446F328002EEB9C /* LaunchScreen.storyboard */; };
		FA54A1AF2446F557002EEB9C /* Question.swift in Sources */ = {isa = PBXBuildFile; fileRef = FA54A1AE2446F557002EEB9C /* Question.swift */; };
		FA54A1B12446F610002EEB9C /* Answer.swift in Sources */ = {isa = PBXBuildFile; fileRef = FA54A1B02446F610002EEB9C /* Answer.swift */; };
		FA54A1B42446F8F7002EEB9C /* DataSource.swift in Sources */ = {isa = PBXBuildFile; fileRef = FA54A1B32446F8F7002EEB9C /* DataSource.swift */; };
		FA54A1B824470231002EEB9C /* MenuViewController.swift in Sources */ = {isa = PBXBuildFile; fileRef = FA54A1B724470231002EEB9C /* MenuViewController.swift */; };
		FA54A1BA244702AB002EEB9C /* GameViewController.swift in Sources */ = {isa = PBXBuildFile; fileRef = FA54A1B9244702AB002EEB9C /* GameViewController.swift */; };
		FA54A1BC244702C3002EEB9C /* ResultsViewController.swift in Sources */ = {isa = PBXBuildFile; fileRef = FA54A1BB244702C3002EEB9C /* ResultsViewController.swift */; };
		FA54A1BE24471DFF002EEB9C /* GameResults.swift in Sources */ = {isa = PBXBuildFile; fileRef = FA54A1BD24471DFF002EEB9C /* GameResults.swift */; };
/* End PBXBuildFile section */

/* Begin PBXFileReference section */
		FA54A1922446F326002EEB9C /* GameQuiz.app */ = {isa = PBXFileReference; explicitFileType = wrapper.application; includeInIndex = 0; path = GameQuiz.app; sourceTree = BUILT_PRODUCTS_DIR; };
		FA54A1952446F326002EEB9C /* AppDelegate.swift */ = {isa = PBXFileReference; lastKnownFileType = sourcecode.swift; path = AppDelegate.swift; sourceTree = "<group>"; };
		FA54A1972446F326002EEB9C /* GameScene.sks */ = {isa = PBXFileReference; lastKnownFileType = file.sks; path = GameScene.sks; sourceTree = "<group>"; };
		FA54A19B2446F326002EEB9C /* GameScene.swift */ = {isa = PBXFileReference; lastKnownFileType = sourcecode.swift; path = GameScene.swift; sourceTree = "<group>"; };
		FA54A19D2446F326002EEB9C /* GameSceneController.swift */ = {isa = PBXFileReference; lastKnownFileType = sourcecode.swift; path = GameSceneController.swift; sourceTree = "<group>"; };
		FA54A1A22446F328002EEB9C /* Assets.xcassets */ = {isa = PBXFileReference; lastKnownFileType = folder.assetcatalog; path = Assets.xcassets; sourceTree = "<group>"; };
		FA54A1A52446F328002EEB9C /* Base */ = {isa = PBXFileReference; lastKnownFileType = file.storyboard; name = Base; path = Base.lproj/LaunchScreen.storyboard; sourceTree = "<group>"; };
		FA54A1A72446F328002EEB9C /* Info.plist */ = {isa = PBXFileReference; lastKnownFileType = text.plist.xml; path = Info.plist; sourceTree = "<group>"; };
		FA54A1AE2446F557002EEB9C /* Question.swift */ = {isa = PBXFileReference; lastKnownFileType = sourcecode.swift; path = Question.swift; sourceTree = "<group>"; };
		FA54A1B02446F610002EEB9C /* Answer.swift */ = {isa = PBXFileReference; lastKnownFileType = sourcecode.swift; path = Answer.swift; sourceTree = "<group>"; };
		FA54A1B32446F8F7002EEB9C /* DataSource.swift */ = {isa = PBXFileReference; lastKnownFileType = sourcecode.swift; path = DataSource.swift; sourceTree = "<group>"; };
		FA54A1B724470231002EEB9C /* MenuViewController.swift */ = {isa = PBXFileReference; lastKnownFileType = sourcecode.swift; path = MenuViewController.swift; sourceTree = "<group>"; };
		FA54A1B9244702AB002EEB9C /* GameViewController.swift */ = {isa = PBXFileReference; lastKnownFileType = sourcecode.swift; path = GameViewController.swift; sourceTree = "<group>"; };
		FA54A1BB244702C3002EEB9C /* ResultsViewController.swift */ = {isa = PBXFileReference; lastKnownFileType = sourcecode.swift; path = ResultsViewController.swift; sourceTree = "<group>"; };
		FA54A1BD24471DFF002EEB9C /* GameResults.swift */ = {isa = PBXFileReference; lastKnownFileType = sourcecode.swift; path = GameResults.swift; sourceTree = "<group>"; };
/* End PBXFileReference section */

/* Begin PBXFrameworksBuildPhase section */
		FA54A18F2446F326002EEB9C /* Frameworks */ = {
			isa = PBXFrameworksBuildPhase;
			buildActionMask = 2147483647;
			files = (
			);
			runOnlyForDeploymentPostprocessing = 0;
		};
/* End PBXFrameworksBuildPhase section */

/* Begin PBXGroup section */
		FA54A1892446F326002EEB9C = {
			isa = PBXGroup;
			children = (
				FA54A1942446F326002EEB9C /* GameQuiz */,
				FA54A1932446F326002EEB9C /* Products */,
			);
			sourceTree = "<group>";
		};
		FA54A1932446F326002EEB9C /* Products */ = {
			isa = PBXGroup;
			children = (
				FA54A1922446F326002EEB9C /* GameQuiz.app */,
			);
			name = Products;
			sourceTree = "<group>";
		};
		FA54A1942446F326002EEB9C /* GameQuiz */ = {
			isa = PBXGroup;
			children = (
				FA54A1952446F326002EEB9C /* AppDelegate.swift */,
				FA54A1B62447021C002EEB9C /* UI */,
				FA54A1AD2446F52E002EEB9C /* Models */,
				FA54A1B5244701F9002EEB9C /* SpriteKit */,
				FA54A1B22446F8D9002EEB9C /* DataSource */,
				FA54A1A22446F328002EEB9C /* Assets.xcassets */,
				FA54A1A42446F328002EEB9C /* LaunchScreen.storyboard */,
				FA54A1A72446F328002EEB9C /* Info.plist */,
			);
			path = GameQuiz;
			sourceTree = "<group>";
		};
		FA54A1AD2446F52E002EEB9C /* Models */ = {
			isa = PBXGroup;
			children = (
				FA54A1AE2446F557002EEB9C /* Question.swift */,
				FA54A1B02446F610002EEB9C /* Answer.swift */,
				FA54A1BD24471DFF002EEB9C /* GameResults.swift */,
			);
			path = Models;
			sourceTree = "<group>";
		};
		FA54A1B22446F8D9002EEB9C /* DataSource */ = {
			isa = PBXGroup;
			children = (
				FA54A1B32446F8F7002EEB9C /* DataSource.swift */,
			);
			path = DataSource;
			sourceTree = "<group>";
		};
		FA54A1B5244701F9002EEB9C /* SpriteKit */ = {
			isa = PBXGroup;
			children = (
				FA54A1972446F326002EEB9C /* GameScene.sks */,
				FA54A19B2446F326002EEB9C /* GameScene.swift */,
				FA54A19D2446F326002EEB9C /* GameSceneController.swift */,
			);
			path = SpriteKit;
			sourceTree = "<group>";
		};
		FA54A1B62447021C002EEB9C /* UI */ = {
			isa = PBXGroup;
			children = (
				FA54A1B724470231002EEB9C /* MenuViewController.swift */,
				FA54A1B9244702AB002EEB9C /* GameViewController.swift */,
				FA54A1BB244702C3002EEB9C /* ResultsViewController.swift */,
			);
			path = UI;
			sourceTree = "<group>";
		};
/* End PBXGroup section */

/* Begin PBXNativeTarget section */
		FA54A1912446F326002EEB9C /* GameQuiz */ = {
			isa = PBXNativeTarget;
			buildConfigurationList = FA54A1AA2446F328002EEB9C /* Build configuration list for PBXNativeTarget "GameQuiz" */;
			buildPhases = (
				FA54A18E2446F326002EEB9C /* Sources */,
				FA54A18F2446F326002EEB9C /* Frameworks */,
				FA54A1902446F326002EEB9C /* Resources */,
			);
			buildRules = (
			);
			dependencies = (
			);
			name = GameQuiz;
			productName = GameQuiz;
			productReference = FA54A1922446F326002EEB9C /* GameQuiz.app */;
			productType = "com.apple.product-type.application";
		};
/* End PBXNativeTarget section */

/* Begin PBXProject section */
		FA54A18A2446F326002EEB9C /* Project object */ = {
			isa = PBXProject;
			attributes = {
				LastSwiftUpdateCheck = 1120;
				LastUpgradeCheck = 1120;
				ORGANIZATIONNAME = "Kirill Khudiakov";
				TargetAttributes = {
					FA54A1912446F326002EEB9C = {
						CreatedOnToolsVersion = 11.2;
					};
				};
			};
			buildConfigurationList = FA54A18D2446F326002EEB9C /* Build configuration list for PBXProject "GameQuiz" */;
			compatibilityVersion = "Xcode 9.3";
			developmentRegion = en;
			hasScannedForEncodings = 0;
			knownRegions = (
				en,
				Base,
			);
			mainGroup = FA54A1892446F326002EEB9C;
			productRefGroup = FA54A1932446F326002EEB9C /* Products */;
			projectDirPath = "";
			projectRoot = "";
			targets = (
				FA54A1912446F326002EEB9C /* GameQuiz */,
			);
		};
/* End PBXProject section */

/* Begin PBXResourcesBuildPhase section */
		FA54A1902446F326002EEB9C /* Resources */ = {
			isa = PBXResourcesBuildPhase;
			buildActionMask = 2147483647;
			files = (
				FA54A1982446F326002EEB9C /* GameScene.sks in Resources */,
				FA54A1A32446F328002EEB9C /* Assets.xcassets in Resources */,
				FA54A1A62446F328002EEB9C /* LaunchScreen.storyboard in Resources */,
			);
			runOnlyForDeploymentPostprocessing = 0;
		};
/* End PBXResourcesBuildPhase section */

/* Begin PBXSourcesBuildPhase section */
		FA54A18E2446F326002EEB9C /* Sources */ = {
			isa = PBXSourcesBuildPhase;
			buildActionMask = 2147483647;
			files = (
				FA54A1B42446F8F7002EEB9C /* DataSource.swift in Sources */,
				FA54A19C2446F326002EEB9C /* GameScene.swift in Sources */,
				FA54A1AF2446F557002EEB9C /* Question.swift in Sources */,
				FA54A1B824470231002EEB9C /* MenuViewController.swift in Sources */,
				FA54A1BE24471DFF002EEB9C /* GameResults.swift in Sources */,
				FA54A1BA244702AB002EEB9C /* GameViewController.swift in Sources */,
				FA54A1BC244702C3002EEB9C /* ResultsViewController.swift in Sources */,
				FA54A1B12446F610002EEB9C /* Answer.swift in Sources */,
				FA54A19E2446F326002EEB9C /* GameSceneController.swift in Sources */,
				FA54A1962446F326002EEB9C /* AppDelegate.swift in Sources */,
			);
			runOnlyForDeploymentPostprocessing = 0;
		};
/* End PBXSourcesBuildPhase section */

/* Begin PBXVariantGroup section */
		FA54A1A42446F328002EEB9C /* LaunchScreen.storyboard */ = {
			isa = PBXVariantGroup;
			children = (
				FA54A1A52446F328002EEB9C /* Base */,
			);
			name = LaunchScreen.storyboard;
			sourceTree = "<group>";
		};
/* End PBXVariantGroup section */

/* Begin XCBuildConfiguration section */
		FA54A1A82446F328002EEB9C /* Debug */ = {
			isa = XCBuildConfiguration;
			buildSettings = {
				ALWAYS_SEARCH_USER_PATHS = NO;
				CLANG_ANALYZER_NONNULL = YES;
				CLANG_ANALYZER_NUMBER_OBJECT_CONVERSION = YES_AGGRESSIVE;
				CLANG_CXX_LANGUAGE_STANDARD = "gnu++14";
				CLANG_CXX_LIBRARY = "libc++";
				CLANG_ENABLE_MODULES = YES;
				CLANG_ENABLE_OBJC_ARC = YES;
				CLANG_ENABLE_OBJC_WEAK = YES;
				CLANG_WARN_BLOCK_CAPTURE_AUTORELEASING = YES;
				CLANG_WARN_BOOL_CONVERSION = YES;
				CLANG_WARN_COMMA = YES;
				CLANG_WARN_CONSTANT_CONVERSION = YES;
				CLANG_WARN_DEPRECATED_OBJC_IMPLEMENTATIONS = YES;
				CLANG_WARN_DIRECT_OBJC_ISA_USAGE = YES_ERROR;
				CLANG_WARN_DOCUMENTATION_COMMENTS = YES;
				CLANG_WARN_EMPTY_BODY = YES;
				CLANG_WARN_ENUM_CONVERSION = YES;
				CLANG_WARN_INFINITE_RECURSION = YES;
				CLANG_WARN_INT_CONVERSION = YES;
				CLANG_WARN_NON_LITERAL_NULL_CONVERSION = YES;
				CLANG_WARN_OBJC_IMPLICIT_RETAIN_SELF = YES;
				CLANG_WARN_OBJC_LITERAL_CONVERSION = YES;
				CLANG_WARN_OBJC_ROOT_CLASS = YES_ERROR;
				CLANG_WARN_RANGE_LOOP_ANALYSIS = YES;
				CLANG_WARN_STRICT_PROTOTYPES = YES;
				CLANG_WARN_SUSPICIOUS_MOVE = YES;
				CLANG_WARN_UNGUARDED_AVAILABILITY = YES_AGGRESSIVE;
				CLANG_WARN_UNREACHABLE_CODE = YES;
				CLANG_WARN__DUPLICATE_METHOD_MATCH = YES;
				COPY_PHASE_STRIP = NO;
				DEBUG_INFORMATION_FORMAT = dwarf;
				ENABLE_STRICT_OBJC_MSGSEND = YES;
				ENABLE_TESTABILITY = YES;
				GCC_C_LANGUAGE_STANDARD = gnu11;
				GCC_DYNAMIC_NO_PIC = NO;
				GCC_NO_COMMON_BLOCKS = YES;
				GCC_OPTIMIZATION_LEVEL = 0;
				GCC_PREPROCESSOR_DEFINITIONS = (
					"DEBUG=1",
					"$(inherited)",
				);
				GCC_WARN_64_TO_32_BIT_CONVERSION = YES;
				GCC_WARN_ABOUT_RETURN_TYPE = YES_ERROR;
				GCC_WARN_UNDECLARED_SELECTOR = YES;
				GCC_WARN_UNINITIALIZED_AUTOS = YES_AGGRESSIVE;
				GCC_WARN_UNUSED_FUNCTION = YES;
				GCC_WARN_UNUSED_VARIABLE = YES;
				IPHONEOS_DEPLOYMENT_TARGET = 13.2;
				MTL_ENABLE_DEBUG_INFO = INCLUDE_SOURCE;
				MTL_FAST_MATH = YES;
				ONLY_ACTIVE_ARCH = YES;
				SDKROOT = iphoneos;
				SWIFT_ACTIVE_COMPILATION_CONDITIONS = DEBUG;
				SWIFT_OPTIMIZATION_LEVEL = "-Onone";
			};
			name = Debug;
		};
		FA54A1A92446F328002EEB9C /* Release */ = {
			isa = XCBuildConfiguration;
			buildSettings = {
				ALWAYS_SEARCH_USER_PATHS = NO;
				CLANG_ANALYZER_NONNULL = YES;
				CLANG_ANALYZER_NUMBER_OBJECT_CONVERSION = YES_AGGRESSIVE;
				CLANG_CXX_LANGUAGE_STANDARD = "gnu++14";
				CLANG_CXX_LIBRARY = "libc++";
				CLANG_ENABLE_MODULES = YES;
				CLANG_ENABLE_OBJC_ARC = YES;
				CLANG_ENABLE_OBJC_WEAK = YES;
				CLANG_WARN_BLOCK_CAPTURE_AUTORELEASING = YES;
				CLANG_WARN_BOOL_CONVERSION = YES;
				CLANG_WARN_COMMA = YES;
				CLANG_WARN_CONSTANT_CONVERSION = YES;
				CLANG_WARN_DEPRECATED_OBJC_IMPLEMENTATIONS = YES;
				CLANG_WARN_DIRECT_OBJC_ISA_USAGE = YES_ERROR;
				CLANG_WARN_DOCUMENTATION_COMMENTS = YES;
				CLANG_WARN_EMPTY_BODY = YES;
				CLANG_WARN_ENUM_CONVERSION = YES;
				CLANG_WARN_INFINITE_RECURSION = YES;
				CLANG_WARN_INT_CONVERSION = YES;
				CLANG_WARN_NON_LITERAL_NULL_CONVERSION = YES;
				CLANG_WARN_OBJC_IMPLICIT_RETAIN_SELF = YES;
				CLANG_WARN_OBJC_LITERAL_CONVERSION = YES;
				CLANG_WARN_OBJC_ROOT_CLASS = YES_ERROR;
				CLANG_WARN_RANGE_LOOP_ANALYSIS = YES;
				CLANG_WARN_STRICT_PROTOTYPES = YES;
				CLANG_WARN_SUSPICIOUS_MOVE = YES;
				CLANG_WARN_UNGUARDED_AVAILABILITY = YES_AGGRESSIVE;
				CLANG_WARN_UNREACHABLE_CODE = YES;
				CLANG_WARN__DUPLICATE_METHOD_MATCH = YES;
				COPY_PHASE_STRIP = NO;
				DEBUG_INFORMATION_FORMAT = "dwarf-with-dsym";
				ENABLE_NS_ASSERTIONS = NO;
				ENABLE_STRICT_OBJC_MSGSEND = YES;
				GCC_C_LANGUAGE_STANDARD = gnu11;
				GCC_NO_COMMON_BLOCKS = YES;
				GCC_WARN_64_TO_32_BIT_CONVERSION = YES;
				GCC_WARN_ABOUT_RETURN_TYPE = YES_ERROR;
				GCC_WARN_UNDECLARED_SELECTOR = YES;
				GCC_WARN_UNINITIALIZED_AUTOS = YES_AGGRESSIVE;
				GCC_WARN_UNUSED_FUNCTION = YES;
				GCC_WARN_UNUSED_VARIABLE = YES;
				IPHONEOS_DEPLOYMENT_TARGET = 13.2;
				MTL_ENABLE_DEBUG_INFO = NO;
				MTL_FAST_MATH = YES;
				SDKROOT = iphoneos;
				SWIFT_COMPILATION_MODE = wholemodule;
				SWIFT_OPTIMIZATION_LEVEL = "-O";
				VALIDATE_PRODUCT = YES;
			};
			name = Release;
		};
		FA54A1AB2446F328002EEB9C /* Debug */ = {
			isa = XCBuildConfiguration;
			buildSettings = {
				ASSETCATALOG_COMPILER_APPICON_NAME = AppIcon;
				CODE_SIGN_STYLE = Automatic;
				DEVELOPMENT_TEAM = RF42FG352F;
				INFOPLIST_FILE = GameQuiz/Info.plist;
				LD_RUNPATH_SEARCH_PATHS = (
					"$(inherited)",
					"@executable_path/Frameworks",
				);
				PRODUCT_BUNDLE_IDENTIFIER = adeveloper.GameQuiz;
				PRODUCT_NAME = "$(TARGET_NAME)";
				SWIFT_VERSION = 5.0;
				TARGETED_DEVICE_FAMILY = "1,2";
			};
			name = Debug;
		};
		FA54A1AC2446F328002EEB9C /* Release */ = {
			isa = XCBuildConfiguration;
			buildSettings = {
				ASSETCATALOG_COMPILER_APPICON_NAME = AppIcon;
				CODE_SIGN_STYLE = Automatic;
				DEVELOPMENT_TEAM = RF42FG352F;
				INFOPLIST_FILE = GameQuiz/Info.plist;
				LD_RUNPATH_SEARCH_PATHS = (
					"$(inherited)",
					"@executable_path/Frameworks",
				);
				PRODUCT_BUNDLE_IDENTIFIER = adeveloper.GameQuiz;
				PRODUCT_NAME = "$(TARGET_NAME)";
				SWIFT_VERSION = 5.0;
				TARGETED_DEVICE_FAMILY = "1,2";
			};
			name = Release;
		};
/* End XCBuildConfiguration section */

/* Begin XCConfigurationList section */
		FA54A18D2446F326002EEB9C /* Build configuration list for PBXProject "GameQuiz" */ = {
			isa = XCConfigurationList;
			buildConfigurations = (
				FA54A1A82446F328002EEB9C /* Debug */,
				FA54A1A92446F328002EEB9C /* Release */,
			);
			defaultConfigurationIsVisible = 0;
			defaultConfigurationName = Release;
		};
		FA54A1AA2446F328002EEB9C /* Build configuration list for PBXNativeTarget "GameQuiz" */ = {
			isa = XCConfigurationList;
			buildConfigurations = (
				FA54A1AB2446F328002EEB9C /* Debug */,
				FA54A1AC2446F328002EEB9C /* Release */,
			);
			defaultConfigurationIsVisible = 0;
			defaultConfigurationName = Release;
		};
/* End XCConfigurationList section */
	};
	rootObject = FA54A18A2446F326002EEB9C /* Project object */;
}
